
Microsoft Visual Studio Solution File, Format Version 12.00
# Visual Studio Version 17
VisualStudioVersion = 17.7.34031.279
MinimumVisualStudioVersion = 10.0.40219.1
Project("{9A19103F-16F7-4668-BE54-9A1E7A4F7556}") = "BulkyWeb", "BulkyWeb\BulkyWeb.csproj", "{CE2F7125-8D65-45BC-92AF-D7E9B88B4498}"
EndProject
Project("{9A19103F-16F7-4668-BE54-9A1E7A4F7556}") = "Bulky.Utility", "Bulky.Utility\Bulky.Utility.csproj", "{5FF027B0-1499-4BCB-B883-68B770E8EBD0}"
EndProject
Project("{9A19103F-16F7-4668-BE54-9A1E7A4F7556}") = "Bulky.Models", "Bulky.Models\Bulky.Models.csproj", "{A526B7DF-5E31-47B8-965F-CABB7CE88DFD}"
EndProject
Project("{9A19103F-16F7-4668-BE54-9A1E7A4F7556}") = "Bulky.DataAccess", "Bulky.DataAccess\Bulky.DataAccess.csproj", "{EDB44DF6-E938-490E-9472-BCE11BA7B885}"
EndProject
Global
	GlobalSection(SolutionConfigurationPlatforms) = preSolution
		Debug|Any CPU = Debug|Any CPU
		Release|Any CPU = Release|Any CPU
	EndGlobalSection
	GlobalSection(ProjectConfigurationPlatforms) = postSolution
		{CE2F7125-8D65-45BC-92AF-D7E9B88B4498}.Debug|Any CPU.ActiveCfg = Debug|Any CPU
		{CE2F7125-8D65-45BC-92AF-D7E9B88B4498}.Debug|Any CPU.Build.0 = Debug|Any CPU
		{CE2F7125-8D65-45BC-92AF-D7E9B88B4498}.Release|Any CPU.ActiveCfg = Release|Any CPU
		{CE2F7125-8D65-45BC-92AF-D7E9B88B4498}.Release|Any CPU.Build.0 = Release|Any CPU
		{5FF027B0-1499-4BCB-B883-68B770E8EBD0}.Debug|Any CPU.ActiveCfg = Debug|Any CPU
		{5FF027B0-1499-4BCB-B883-68B770E8EBD0}.Debug|Any CPU.Build.0 = Debug|Any CPU
		{5FF027B0-1499-4BCB-B883-68B770E8EBD0}.Release|Any CPU.ActiveCfg = Release|Any CPU
		{5FF027B0-1499-4BCB-B883-68B770E8EBD0}.Release|Any CPU.Build.0 = Release|Any CPU
		{A526B7DF-5E31-47B8-965F-CABB7CE88DFD}.Debug|Any CPU.ActiveCfg = Debug|Any CPU
		{A526B7DF-5E31-47B8-965F-CABB7CE88DFD}.Debug|Any CPU.Build.0 = Debug|Any CPU
		{A526B7DF-5E31-47B8-965F-CABB7CE88DFD}.Release|Any CPU.ActiveCfg = Release|Any CPU
		{A526B7DF-5E31-47B8-965F-CABB7CE88DFD}.Release|Any CPU.Build.0 = Release|Any CPU
		{EDB44DF6-E938-490E-9472-BCE11BA7B885}.Debug|Any CPU.ActiveCfg = Debug|Any CPU
		{EDB44DF6-E938-490E-9472-BCE11BA7B885}.Debug|Any CPU.Build.0 = Debug|Any CPU
		{EDB44DF6-E938-490E-9472-BCE11BA7B885}.Release|Any CPU.ActiveCfg = Release|Any CPU
		{EDB44DF6-E938-490E-9472-BCE11BA7B885}.Release|Any CPU.Build.0 = Release|Any CPU
	EndGlobalSection
	GlobalSection(SolutionProperties) = preSolution
		HideSolutionNode = FALSE
	EndGlobalSection
	GlobalSection(ExtensibilityGlobals) = postSolution
		SolutionGuid = {52DBC2BF-719B-4F58-9867-59407D7F7B91}
	EndGlobalSection
EndGlobal
