
Microsoft Visual Studio Solution File, Format Version 12.00
# Visual Studio Version 17
VisualStudioVersion = 17.7.34031.279
MinimumVisualStudioVersion = 10.0.40219.1
Project("{9A19103F-16F7-4668-BE54-9A1E7A4F7556}") = "BulkyWeb", "BulkyWeb.csproj", "{536FE856-5E9F-4540-A45D-439CEB363BCF}"
EndProject
Project("{FAE04EC0-301F-11D3-BF4B-00C04F79EFBC}") = "Bulky.DataAccess", "..\Bulky.DataAccess\Bulky.DataAccess.csproj", "{3E4BF38E-6D9E-4F84-9570-C656B7D6D6BE}"
EndProject
Project("{FAE04EC0-301F-11D3-BF4B-00C04F79EFBC}") = "Bulky.Models", "..\Bulky.Models\Bulky.Models.csproj", "{7767F37B-104E-425D-9ABB-CD1875DD3213}"
EndProject
Project("{FAE04EC0-301F-11D3-BF4B-00C04F79EFBC}") = "Bulky.Utility", "..\Bulky.Utility\Bulky.Utility.csproj", "{D0BCE3BA-FE5B-488C-935E-2B177A2B3B77}"
EndProject
Global
	GlobalSection(SolutionConfigurationPlatforms) = preSolution
		Debug|Any CPU = Debug|Any CPU
		Release|Any CPU = Release|Any CPU
	EndGlobalSection
	GlobalSection(ProjectConfigurationPlatforms) = postSolution
		{536FE856-5E9F-4540-A45D-439CEB363BCF}.Debug|Any CPU.ActiveCfg = Debug|Any CPU
		{536FE856-5E9F-4540-A45D-439CEB363BCF}.Debug|Any CPU.Build.0 = Debug|Any CPU
		{536FE856-5E9F-4540-A45D-439CEB363BCF}.Release|Any CPU.ActiveCfg = Release|Any CPU
		{536FE856-5E9F-4540-A45D-439CEB363BCF}.Release|Any CPU.Build.0 = Release|Any CPU
		{3E4BF38E-6D9E-4F84-9570-C656B7D6D6BE}.Debug|Any CPU.ActiveCfg = Debug|Any CPU
		{3E4BF38E-6D9E-4F84-9570-C656B7D6D6BE}.Debug|Any CPU.Build.0 = Debug|Any CPU
		{3E4BF38E-6D9E-4F84-9570-C656B7D6D6BE}.Release|Any CPU.ActiveCfg = Release|Any CPU
		{3E4BF38E-6D9E-4F84-9570-C656B7D6D6BE}.Release|Any CPU.Build.0 = Release|Any CPU
		{7767F37B-104E-425D-9ABB-CD1875DD3213}.Debug|Any CPU.ActiveCfg = Debug|Any CPU
		{7767F37B-104E-425D-9ABB-CD1875DD3213}.Debug|Any CPU.Build.0 = Debug|Any CPU
		{7767F37B-104E-425D-9ABB-CD1875DD3213}.Release|Any CPU.ActiveCfg = Release|Any CPU
		{7767F37B-104E-425D-9ABB-CD1875DD3213}.Release|Any CPU.Build.0 = Release|Any CPU
		{D0BCE3BA-FE5B-488C-935E-2B177A2B3B77}.Debug|Any CPU.ActiveCfg = Debug|Any CPU
		{D0BCE3BA-FE5B-488C-935E-2B177A2B3B77}.Debug|Any CPU.Build.0 = Debug|Any CPU
		{D0BCE3BA-FE5B-488C-935E-2B177A2B3B77}.Release|Any CPU.ActiveCfg = Release|Any CPU
		{D0BCE3BA-FE5B-488C-935E-2B177A2B3B77}.Release|Any CPU.Build.0 = Release|Any CPU
	EndGlobalSection
	GlobalSection(SolutionProperties) = preSolution
		HideSolutionNode = FALSE
	EndGlobalSection
	GlobalSection(ExtensibilityGlobals) = postSolution
		SolutionGuid = {45C94117-DDE8-4273-AB68-B220713FFE0A}
	EndGlobalSection
EndGlobal
